
Microsoft Visual Studio Solution File, Format Version 11.00
# Visual Studio 2010
Project("{FAE04EC0-301F-11D3-BF4B-00C04F79EFBC}") = "MenuBuddySample.Ouya", "MenuBuddySample.Ouya.csproj", "{F83C4702-A5B3-4256-9957-0E6C89B90C96}"
EndProject
Project("{FAE04EC0-301F-11D3-BF4B-00C04F79EFBC}") = "Lidgren.Network.Android", "..\externals\MonoGame\ThirdParty\Lidgren.Network\Lidgren.Network.Android.csproj", "{565129E0-4EE5-4F6F-B403-C3484C9740BE}"
EndProject
Project("{FAE04EC0-301F-11D3-BF4B-00C04F79EFBC}") = "MatrixExtensions.Ouya", "..\externals\MatrixExtensions\Ouya\MatrixExtensions.Ouya.csproj", "{2E31A986-E147-4000-A5E3-28309C9DC601}"
EndProject
Project("{FAE04EC0-301F-11D3-BF4B-00C04F79EFBC}") = "BasicPrimitiveBuddy.Ouya", "..\externals\BasicPrimitiveBuddy\Ouya\BasicPrimitiveBuddy.Ouya.csproj", "{CA0A3695-B4CD-4129-9593-AD56D5A63F1E}"
EndProject
Project("{FAE04EC0-301F-11D3-BF4B-00C04F79EFBC}") = "FilenameBuddy.Android", "..\externals\Filename\Android\FilenameBuddy.Android.csproj", "{D30C7E1A-CD13-4E46-903E-72FAAD937745}"
EndProject
Project("{FAE04EC0-301F-11D3-BF4B-00C04F79EFBC}") = "FontBuddyLib.Ouya", "..\externals\FontBuddy\Ouya\FontBuddyLib.Ouya.csproj", "{782A28A3-66E3-40B6-8651-8F159AF19BA6}"
EndProject
Project("{FAE04EC0-301F-11D3-BF4B-00C04F79EFBC}") = "GameTimer.Ouya", "..\externals\GameTimer\Ouya\GameTimer.Ouya.csproj", "{B5C54D08-EA4C-479B-8A25-09643724056A}"
EndProject
Project("{FAE04EC0-301F-11D3-BF4B-00C04F79EFBC}") = "HadoukInput.Ouya", "..\externals\HadoukInput\Ouya\HadoukInput.Ouya.csproj", "{470E9490-C300-4F2F-9DD2-BC38E28D8A27}"
EndProject
Project("{FAE04EC0-301F-11D3-BF4B-00C04F79EFBC}") = "MonoGame.Framework.Ouya", "..\externals\MonoGame\MonoGame.Framework\MonoGame.Framework.Ouya.csproj", "{8BEA875D-66D2-4A5F-B137-83D262A3851D}"
EndProject
Project("{FAE04EC0-301F-11D3-BF4B-00C04F79EFBC}") = "MenuBuddy.Ouya", "..\externals\MenuBuddy\Ouya\MenuBuddy.Ouya.csproj", "{306D806B-EEC5-4699-848D-1A15DDA46EC2}"
EndProject
Project("{FAE04EC0-301F-11D3-BF4B-00C04F79EFBC}") = "ResolutionBuddy.Ouya", "..\externals\ResolutionBuddy\Ouya\ResolutionBuddy.Ouya.csproj", "{3BFACC81-6B4D-462B-91E2-09349A3619AD}"
EndProject
Global
	GlobalSection(SolutionConfigurationPlatforms) = preSolution
		Debug|Any CPU = Debug|Any CPU
		Release|Any CPU = Release|Any CPU
	EndGlobalSection
	GlobalSection(ProjectConfigurationPlatforms) = postSolution
		{2E31A986-E147-4000-A5E3-28309C9DC601}.Debug|Any CPU.ActiveCfg = Debug|Any CPU
		{2E31A986-E147-4000-A5E3-28309C9DC601}.Debug|Any CPU.Build.0 = Debug|Any CPU
		{2E31A986-E147-4000-A5E3-28309C9DC601}.Release|Any CPU.ActiveCfg = Release|Any CPU
		{2E31A986-E147-4000-A5E3-28309C9DC601}.Release|Any CPU.Build.0 = Release|Any CPU
		{306D806B-EEC5-4699-848D-1A15DDA46EC2}.Debug|Any CPU.ActiveCfg = Debug|Any CPU
		{306D806B-EEC5-4699-848D-1A15DDA46EC2}.Debug|Any CPU.Build.0 = Debug|Any CPU
		{306D806B-EEC5-4699-848D-1A15DDA46EC2}.Release|Any CPU.ActiveCfg = Release|Any CPU
		{306D806B-EEC5-4699-848D-1A15DDA46EC2}.Release|Any CPU.Build.0 = Release|Any CPU
		{3BFACC81-6B4D-462B-91E2-09349A3619AD}.Debug|Any CPU.ActiveCfg = Debug|Any CPU
		{3BFACC81-6B4D-462B-91E2-09349A3619AD}.Debug|Any CPU.Build.0 = Debug|Any CPU
		{3BFACC81-6B4D-462B-91E2-09349A3619AD}.Release|Any CPU.ActiveCfg = Release|Any CPU
		{3BFACC81-6B4D-462B-91E2-09349A3619AD}.Release|Any CPU.Build.0 = Release|Any CPU
		{470E9490-C300-4F2F-9DD2-BC38E28D8A27}.Debug|Any CPU.ActiveCfg = Debug|Any CPU
		{470E9490-C300-4F2F-9DD2-BC38E28D8A27}.Debug|Any CPU.Build.0 = Debug|Any CPU
		{470E9490-C300-4F2F-9DD2-BC38E28D8A27}.Release|Any CPU.ActiveCfg = Release|Any CPU
		{470E9490-C300-4F2F-9DD2-BC38E28D8A27}.Release|Any CPU.Build.0 = Release|Any CPU
		{565129E0-4EE5-4F6F-B403-C3484C9740BE}.Debug|Any CPU.ActiveCfg = Debug|Any CPU
		{565129E0-4EE5-4F6F-B403-C3484C9740BE}.Debug|Any CPU.Build.0 = Debug|Any CPU
		{565129E0-4EE5-4F6F-B403-C3484C9740BE}.Release|Any CPU.ActiveCfg = Release|Any CPU
		{565129E0-4EE5-4F6F-B403-C3484C9740BE}.Release|Any CPU.Build.0 = Release|Any CPU
		{782A28A3-66E3-40B6-8651-8F159AF19BA6}.Debug|Any CPU.ActiveCfg = Debug|Any CPU
		{782A28A3-66E3-40B6-8651-8F159AF19BA6}.Debug|Any CPU.Build.0 = Debug|Any CPU
		{782A28A3-66E3-40B6-8651-8F159AF19BA6}.Release|Any CPU.ActiveCfg = Release|Any CPU
		{782A28A3-66E3-40B6-8651-8F159AF19BA6}.Release|Any CPU.Build.0 = Release|Any CPU
		{8BEA875D-66D2-4A5F-B137-83D262A3851D}.Debug|Any CPU.ActiveCfg = Debug|Any CPU
		{8BEA875D-66D2-4A5F-B137-83D262A3851D}.Debug|Any CPU.Build.0 = Debug|Any CPU
		{8BEA875D-66D2-4A5F-B137-83D262A3851D}.Release|Any CPU.ActiveCfg = Release|Any CPU
		{8BEA875D-66D2-4A5F-B137-83D262A3851D}.Release|Any CPU.Build.0 = Release|Any CPU
		{B5C54D08-EA4C-479B-8A25-09643724056A}.Debug|Any CPU.ActiveCfg = Debug|Any CPU
		{B5C54D08-EA4C-479B-8A25-09643724056A}.Debug|Any CPU.Build.0 = Debug|Any CPU
		{B5C54D08-EA4C-479B-8A25-09643724056A}.Release|Any CPU.ActiveCfg = Release|Any CPU
		{B5C54D08-EA4C-479B-8A25-09643724056A}.Release|Any CPU.Build.0 = Release|Any CPU
		{CA0A3695-B4CD-4129-9593-AD56D5A63F1E}.Debug|Any CPU.ActiveCfg = Debug|Any CPU
		{CA0A3695-B4CD-4129-9593-AD56D5A63F1E}.Debug|Any CPU.Build.0 = Debug|Any CPU
		{CA0A3695-B4CD-4129-9593-AD56D5A63F1E}.Release|Any CPU.ActiveCfg = Release|Any CPU
		{CA0A3695-B4CD-4129-9593-AD56D5A63F1E}.Release|Any CPU.Build.0 = Release|Any CPU
		{D30C7E1A-CD13-4E46-903E-72FAAD937745}.Debug|Any CPU.ActiveCfg = Debug|Any CPU
		{D30C7E1A-CD13-4E46-903E-72FAAD937745}.Debug|Any CPU.Build.0 = Debug|Any CPU
		{D30C7E1A-CD13-4E46-903E-72FAAD937745}.Release|Any CPU.ActiveCfg = Release|Any CPU
		{D30C7E1A-CD13-4E46-903E-72FAAD937745}.Release|Any CPU.Build.0 = Release|Any CPU
		{F83C4702-A5B3-4256-9957-0E6C89B90C96}.Debug|Any CPU.ActiveCfg = Debug|Any CPU
		{F83C4702-A5B3-4256-9957-0E6C89B90C96}.Debug|Any CPU.Build.0 = Debug|Any CPU
		{F83C4702-A5B3-4256-9957-0E6C89B90C96}.Release|Any CPU.ActiveCfg = Release|Any CPU
		{F83C4702-A5B3-4256-9957-0E6C89B90C96}.Release|Any CPU.Build.0 = Release|Any CPU
	EndGlobalSection
	GlobalSection(MonoDevelopProperties) = preSolution
		StartupItem = MenuBuddySample.Ouya.csproj
	EndGlobalSection
EndGlobal
